{
    "requires": true,
    "lockfileVersion": 1,
    "dependencies": {
        "browser-sync-webpack-plugin": {
            "version": "2.2.2",
            "resolved": "https://registry.npmjs.org/browser-sync-webpack-plugin/-/browser-sync-webpack-plugin-2.2.2.tgz",
            "integrity": "sha512-x92kl8LdBi4dp6YVXYqrSoDkOCOLCeBOrYSY0h9Sk1VcCDSoZC1Vc62eae6TfC2ljN4/L+aYlkzE46kirHzbgA==",
            "dev": true,
            "requires": {
                "lodash": "4.17.19"
            }
        },
        "jquery": {
            "version": "3.5.1",
            "resolved": "https://registry.npmjs.org/jquery/-/jquery-3.5.1.tgz",
            "integrity": "sha512-XwIBPqcMn57FxfT+Go5pzySnm4KWkT1Tv7gjrpT1srtf8Weynl6R273VJ5GjkRb51IzMp5nbaPjJXMWeju2MKg=="
        },
        "lodash": {
            "version": "4.17.19",
            "resolved": "https://registry.npmjs.org/lodash/-/lodash-4.17.19.tgz",
            "integrity": "sha512-JNvd8XER9GQX0v2qJgsaN/mzFCNA5BRe/j8JN9d+tWyGLSodKQHKFicdwNYzWwI3wjRnaKPsGj1XkBjx/F96DQ==",
            "dev": true
        },
        "vue": {
            "version": "2.6.12",
            "resolved": "https://registry.npmjs.org/vue/-/vue-2.6.12.tgz",
            "integrity": "sha512-uhmLFETqPPNyuLLbsKz6ioJ4q7AZHzD8ZVFNATNyICSZouqP2Sz0rotWQC8UNBF6VGSCs5abnKJoStA6JbCbfg=="
        }
    }
}
